
Microsoft Visual Studio Solution File, Format Version 12.00
# Visual Studio Version 17
VisualStudioVersion = 17.10.35013.160
MinimumVisualStudioVersion = 10.0.40219.1
Project("{8BC9CEB8-8B4A-11D0-8D11-00A0C91BC942}") = "ProjectLabwork", "ProjectLabwork.vcxproj", "{82CB9774-0FEE-4AF8-B50D-005C775FC60F}"
EndProject
Global
	GlobalSection(SolutionConfigurationPlatforms) = preSolution
		Debug|x64 = Debug|x64
		Debug|x86 = Debug|x86
		Release|x64 = Release|x64
		Release|x86 = Release|x86
	EndGlobalSection
	GlobalSection(ProjectConfigurationPlatforms) = postSolution
		{82CB9774-0FEE-4AF8-B50D-005C775FC60F}.Debug|x64.ActiveCfg = Debug|Win32
		{82CB9774-0FEE-4AF8-B50D-005C775FC60F}.Debug|x64.Build.0 = Debug|Win32
		{82CB9774-0FEE-4AF8-B50D-005C775FC60F}.Debug|x86.ActiveCfg = Debug|Win32
		{82CB9774-0FEE-4AF8-B50D-005C775FC60F}.Debug|x86.Build.0 = Debug|Win32
		{82CB9774-0FEE-4AF8-B50D-005C775FC60F}.Release|x64.ActiveCfg = Release|x64
		{82CB9774-0FEE-4AF8-B50D-005C775FC60F}.Release|x64.Build.0 = Release|x64
		{82CB9774-0FEE-4AF8-B50D-005C775FC60F}.Release|x86.ActiveCfg = Release|Win32
		{82CB9774-0FEE-4AF8-B50D-005C775FC60F}.Release|x86.Build.0 = Release|Win32
	EndGlobalSection
	GlobalSection(SolutionProperties) = preSolution
		HideSolutionNode = FALSE
	EndGlobalSection
	GlobalSection(ExtensibilityGlobals) = postSolution
		SolutionGuid = {8B8587CD-A80A-4FA8-A537-3F4B68DA8D73}
	EndGlobalSection
EndGlobal
